
Microsoft Visual Studio Solution File, Format Version 12.00
# Visual Studio Version 16
VisualStudioVersion = 16.0.29509.3
MinimumVisualStudioVersion = 10.0.40219.1
Project("{9A19103F-16F7-4668-BE54-9A1E7A4F7556}") = "SignalRPortal", "SignalRPortal\SignalRPortal.csproj", "{14E28395-BFE2-4EFB-A395-87F9A8A509BB}"
EndProject
Project("{FAE04EC0-301F-11D3-BF4B-00C04F79EFBC}") = "SignalRClient", "SignalRClient\SignalRClient.csproj", "{534EA5A3-9605-41D1-B24D-10B35E440011}"
EndProject
Global
	GlobalSection(SolutionConfigurationPlatforms) = preSolution
		Debug|Any CPU = Debug|Any CPU
		Release|Any CPU = Release|Any CPU
	EndGlobalSection
	GlobalSection(ProjectConfigurationPlatforms) = postSolution
		{14E28395-BFE2-4EFB-A395-87F9A8A509BB}.Debug|Any CPU.ActiveCfg = Debug|Any CPU
		{14E28395-BFE2-4EFB-A395-87F9A8A509BB}.Debug|Any CPU.Build.0 = Debug|Any CPU
		{14E28395-BFE2-4EFB-A395-87F9A8A509BB}.Release|Any CPU.ActiveCfg = Release|Any CPU
		{14E28395-BFE2-4EFB-A395-87F9A8A509BB}.Release|Any CPU.Build.0 = Release|Any CPU
		{534EA5A3-9605-41D1-B24D-10B35E440011}.Debug|Any CPU.ActiveCfg = Debug|Any CPU
		{534EA5A3-9605-41D1-B24D-10B35E440011}.Debug|Any CPU.Build.0 = Debug|Any CPU
		{534EA5A3-9605-41D1-B24D-10B35E440011}.Release|Any CPU.ActiveCfg = Release|Any CPU
		{534EA5A3-9605-41D1-B24D-10B35E440011}.Release|Any CPU.Build.0 = Release|Any CPU
	EndGlobalSection
	GlobalSection(SolutionProperties) = preSolution
		HideSolutionNode = FALSE
	EndGlobalSection
	GlobalSection(ExtensibilityGlobals) = postSolution
		SolutionGuid = {3791D674-E24D-4DBA-96B8-B6EA2CBAF5DB}
	EndGlobalSection
EndGlobal
