
Microsoft Visual Studio Solution File, Format Version 12.00
# Visual Studio Version 16
VisualStudioVersion = 16.0.29613.14
MinimumVisualStudioVersion = 10.0.40219.1
Project("{FAE04EC0-301F-11D3-BF4B-00C04F79EFBC}") = "Demo", "Demo\Demo.csproj", "{78D14418-D3F3-43D1-A71C-D1694D4B7F00}"
EndProject
Global
	GlobalSection(SolutionConfigurationPlatforms) = preSolution
		Debug|Any CPU = Debug|Any CPU
		Release|Any CPU = Release|Any CPU
	EndGlobalSection
	GlobalSection(ProjectConfigurationPlatforms) = postSolution
		{78D14418-D3F3-43D1-A71C-D1694D4B7F00}.Debug|Any CPU.ActiveCfg = Debug|Any CPU
		{78D14418-D3F3-43D1-A71C-D1694D4B7F00}.Debug|Any CPU.Build.0 = Debug|Any CPU
		{78D14418-D3F3-43D1-A71C-D1694D4B7F00}.Release|Any CPU.ActiveCfg = Release|Any CPU
		{78D14418-D3F3-43D1-A71C-D1694D4B7F00}.Release|Any CPU.Build.0 = Release|Any CPU
	EndGlobalSection
	GlobalSection(SolutionProperties) = preSolution
		HideSolutionNode = FALSE
	EndGlobalSection
	GlobalSection(ExtensibilityGlobals) = postSolution
		SolutionGuid = {3D146476-4C6A-432A-B2D8-76C2453DF085}
	EndGlobalSection
EndGlobal
